
Microsoft Visual Studio Solution File, Format Version 12.00
# Visual Studio Version 17
VisualStudioVersion = 17.7.34024.191
MinimumVisualStudioVersion = 10.0.40219.1
Project("{FAE04EC0-301F-11D3-BF4B-00C04F79EFBC}") = "APITestingTest", "APITestingTest\APITestingTest.csproj", "{467F29B2-1724-49CF-955A-B8B54533668C}"
EndProject
Project("{FAE04EC0-301F-11D3-BF4B-00C04F79EFBC}") = "APIinteractions", "APIinteractions\APIinteractions.csproj", "{F3F0751C-E517-4710-B32F-8BC62BAE4E2C}"
EndProject
Global
	GlobalSection(SolutionConfigurationPlatforms) = preSolution
		Debug|Any CPU = Debug|Any CPU
		Release|Any CPU = Release|Any CPU
	EndGlobalSection
	GlobalSection(ProjectConfigurationPlatforms) = postSolution
		{467F29B2-1724-49CF-955A-B8B54533668C}.Debug|Any CPU.ActiveCfg = Debug|Any CPU
		{467F29B2-1724-49CF-955A-B8B54533668C}.Debug|Any CPU.Build.0 = Debug|Any CPU
		{467F29B2-1724-49CF-955A-B8B54533668C}.Release|Any CPU.ActiveCfg = Release|Any CPU
		{467F29B2-1724-49CF-955A-B8B54533668C}.Release|Any CPU.Build.0 = Release|Any CPU
		{F3F0751C-E517-4710-B32F-8BC62BAE4E2C}.Debug|Any CPU.ActiveCfg = Debug|Any CPU
		{F3F0751C-E517-4710-B32F-8BC62BAE4E2C}.Debug|Any CPU.Build.0 = Debug|Any CPU
		{F3F0751C-E517-4710-B32F-8BC62BAE4E2C}.Release|Any CPU.ActiveCfg = Release|Any CPU
		{F3F0751C-E517-4710-B32F-8BC62BAE4E2C}.Release|Any CPU.Build.0 = Release|Any CPU
	EndGlobalSection
	GlobalSection(SolutionProperties) = preSolution
		HideSolutionNode = FALSE
	EndGlobalSection
	GlobalSection(ExtensibilityGlobals) = postSolution
		SolutionGuid = {FC6154BE-B570-4D17-BE6E-51BED5F3E564}
	EndGlobalSection
EndGlobal
